// !$*UTF8*$!
{
	archiveVersion = 1;
	classes = {
	};
	objectVersion = 46;
	objects = {

/* Begin PBXBuildFile section */
		37EEF8B31D9C8BF700AC52B6 /* main.m in Sources */ = {isa = PBXBuildFile; fileRef = 37EEF8B21D9C8BF700AC52B6 /* main.m */; };
		37EEF8B61D9C8BF700AC52B6 /* AppDelegate.m in Sources */ = {isa = PBXBuildFile; fileRef = 37EEF8B51D9C8BF700AC52B6 /* AppDelegate.m */; };
		37EEF8B91D9C8BF700AC52B6 /* ViewController.m in Sources */ = {isa = PBXBuildFile; fileRef = 37EEF8B81D9C8BF700AC52B6 /* ViewController.m */; };
		37EEF8BC1D9C8BF700AC52B6 /* Main.storyboard in Resources */ = {isa = PBXBuildFile; fileRef = 37EEF8BA1D9C8BF700AC52B6 /* Main.storyboard */; };
		37EEF8BE1D9C8BF700AC52B6 /* Assets.xcassets in Resources */ = {isa = PBXBuildFile; fileRef = 37EEF8BD1D9C8BF700AC52B6 /* Assets.xcassets */; };
		37EEF8C11D9C8BF700AC52B6 /* LaunchScreen.storyboard in Resources */ = {isa = PBXBuildFile; fileRef = 37EEF8BF1D9C8BF700AC52B6 /* LaunchScreen.storyboard */; };
		37EEF8CE1D9C8C0800AC52B6 /* JSONSchema.framework in Frameworks */ = {isa = PBXBuildFile; fileRef = 37EEF8CD1D9C8C0100AC52B6 /* JSONSchema.framework */; };
		37EEF8CF1D9C8C0800AC52B6 /* JSONSchema.framework in Embed Frameworks */ = {isa = PBXBuildFile; fileRef = 37EEF8CD1D9C8C0100AC52B6 /* JSONSchema.framework */; settings = {ATTRIBUTES = (CodeSignOnCopy, RemoveHeadersOnCopy, ); }; };
		37EEF8D51D9C8D8200AC52B6 /* String.json in Resources */ = {isa = PBXBuildFile; fileRef = 37EEF8D41D9C8D8200AC52B6 /* String.json */; };
		37EEF8D81D9C96C300AC52B6 /* Number.json in Resources */ = {isa = PBXBuildFile; fileRef = 37EEF8D71D9C96C300AC52B6 /* Number.json */; };
/* End PBXBuildFile section */

/* Begin PBXContainerItemProxy section */
		37EEF8CC1D9C8C0100AC52B6 /* PBXContainerItemProxy */ = {
			isa = PBXContainerItemProxy;
			containerPortal = 37EEF8C81D9C8C0100AC52B6 /* Framework.xcodeproj */;
			proxyType = 2;
			remoteGlobalIDString = 37EEF8961D9AD15800AC52B6;
			remoteInfo = JSONSchema;
		};
		37EEF8D01D9C8C0800AC52B6 /* PBXContainerItemProxy */ = {
			isa = PBXContainerItemProxy;
			containerPortal = 37EEF8C81D9C8C0100AC52B6 /* Framework.xcodeproj */;
			proxyType = 1;
			remoteGlobalIDString = 37EEF8951D9AD15800AC52B6;
			remoteInfo = JSONSchema;
		};
		37EEF9371D9EF36300AC52B6 /* PBXContainerItemProxy */ = {
			isa = PBXContainerItemProxy;
			containerPortal = 37EEF8C81D9C8C0100AC52B6 /* Framework.xcodeproj */;
			proxyType = 2;
			remoteGlobalIDString = 37EEF8E71D9D4C9C00AC52B6;
			remoteInfo = JSONSchemaTests;
		};
/* End PBXContainerItemProxy section */

/* Begin PBXCopyFilesBuildPhase section */
		37EEF8D21D9C8C0800AC52B6 /* Embed Frameworks */ = {
			isa = PBXCopyFilesBuildPhase;
			buildActionMask = 2147483647;
			dstPath = "";
			dstSubfolderSpec = 10;
			files = (
				37EEF8CF1D9C8C0800AC52B6 /* JSONSchema.framework in Embed Frameworks */,
			);
			name = "Embed Frameworks";
			runOnlyForDeploymentPostprocessing = 0;
		};
/* End PBXCopyFilesBuildPhase section */

/* Begin PBXFileReference section */
		37EEF8AE1D9C8BF700AC52B6 /* App.app */ = {isa = PBXFileReference; explicitFileType = wrapper.application; includeInIndex = 0; path = App.app; sourceTree = BUILT_PRODUCTS_DIR; };
		37EEF8B21D9C8BF700AC52B6 /* main.m */ = {isa = PBXFileReference; lastKnownFileType = sourcecode.c.objc; path = main.m; sourceTree = "<group>"; };
		37EEF8B41D9C8BF700AC52B6 /* AppDelegate.h */ = {isa = PBXFileReference; lastKnownFileType = sourcecode.c.h; path = AppDelegate.h; sourceTree = "<group>"; };
		37EEF8B51D9C8BF700AC52B6 /* AppDelegate.m */ = {isa = PBXFileReference; lastKnownFileType = sourcecode.c.objc; path = AppDelegate.m; sourceTree = "<group>"; };
		37EEF8B71D9C8BF700AC52B6 /* ViewController.h */ = {isa = PBXFileReference; lastKnownFileType = sourcecode.c.h; path = ViewController.h; sourceTree = "<group>"; };
		37EEF8B81D9C8BF700AC52B6 /* ViewController.m */ = {isa = PBXFileReference; lastKnownFileType = sourcecode.c.objc; path = ViewController.m; sourceTree = "<group>"; };
		37EEF8BB1D9C8BF700AC52B6 /* Base */ = {isa = PBXFileReference; lastKnownFileType = file.storyboard; name = Base; path = Base.lproj/Main.storyboard; sourceTree = "<group>"; };
		37EEF8BD1D9C8BF700AC52B6 /* Assets.xcassets */ = {isa = PBXFileReference; lastKnownFileType = folder.assetcatalog; path = Assets.xcassets; sourceTree = "<group>"; };
		37EEF8C01D9C8BF700AC52B6 /* Base */ = {isa = PBXFileReference; lastKnownFileType = file.storyboard; name = Base; path = Base.lproj/LaunchScreen.storyboard; sourceTree = "<group>"; };
		37EEF8C21D9C8BF700AC52B6 /* Info.plist */ = {isa = PBXFileReference; lastKnownFileType = text.plist.xml; path = Info.plist; sourceTree = "<group>"; };
		37EEF8C81D9C8C0100AC52B6 /* Framework.xcodeproj */ = {isa = PBXFileReference; lastKnownFileType = "wrapper.pb-project"; name = Framework.xcodeproj; path = ../Framework/Framework.xcodeproj; sourceTree = "<group>"; };
		37EEF8D41D9C8D8200AC52B6 /* String.json */ = {isa = PBXFileReference; fileEncoding = 4; lastKnownFileType = text.json; path = String.json; sourceTree = "<group>"; };
		37EEF8D71D9C96C300AC52B6 /* Number.json */ = {isa = PBXFileReference; fileEncoding = 4; lastKnownFileType = text.json; path = Number.json; sourceTree = "<group>"; };
/* End PBXFileReference section */

/* Begin PBXFrameworksBuildPhase section */
		37EEF8AB1D9C8BF700AC52B6 /* Frameworks */ = {
			isa = PBXFrameworksBuildPhase;
			buildActionMask = 2147483647;
			files = (
				37EEF8CE1D9C8C0800AC52B6 /* JSONSchema.framework in Frameworks */,
			);
			runOnlyForDeploymentPostprocessing = 0;
		};
/* End PBXFrameworksBuildPhase section */

/* Begin PBXGroup section */
		37EEF8A51D9C8BF700AC52B6 = {
			isa = PBXGroup;
			children = (
				37EEF8C81D9C8C0100AC52B6 /* Framework.xcodeproj */,
				37EEF8B01D9C8BF700AC52B6 /* App */,
				37EEF8AF1D9C8BF700AC52B6 /* Products */,
			);
			sourceTree = "<group>";
		};
		37EEF8AF1D9C8BF700AC52B6 /* Products */ = {
			isa = PBXGroup;
			children = (
				37EEF8AE1D9C8BF700AC52B6 /* App.app */,
			);
			name = Products;
			sourceTree = "<group>";
		};
		37EEF8B01D9C8BF700AC52B6 /* App */ = {
			isa = PBXGroup;
			children = (
				37EEF8D31D9C8D5B00AC52B6 /* Schemas */,
				37EEF8B41D9C8BF700AC52B6 /* AppDelegate.h */,
				37EEF8B51D9C8BF700AC52B6 /* AppDelegate.m */,
				37EEF8B71D9C8BF700AC52B6 /* ViewController.h */,
				37EEF8B81D9C8BF700AC52B6 /* ViewController.m */,
				37EEF8BA1D9C8BF700AC52B6 /* Main.storyboard */,
				37EEF8BD1D9C8BF700AC52B6 /* Assets.xcassets */,
				37EEF8BF1D9C8BF700AC52B6 /* LaunchScreen.storyboard */,
				37EEF8C21D9C8BF700AC52B6 /* Info.plist */,
				37EEF8B11D9C8BF700AC52B6 /* Supporting Files */,
			);
			path = App;
			sourceTree = "<group>";
		};
		37EEF8B11D9C8BF700AC52B6 /* Supporting Files */ = {
			isa = PBXGroup;
			children = (
				37EEF8B21D9C8BF700AC52B6 /* main.m */,
			);
			name = "Supporting Files";
			sourceTree = "<group>";
		};
		37EEF8C91D9C8C0100AC52B6 /* Products */ = {
			isa = PBXGroup;
			children = (
				37EEF8CD1D9C8C0100AC52B6 /* JSONSchema.framework */,
				37EEF9381D9EF36300AC52B6 /* JSONSchemaTests.xctest */,
			);
			name = Products;
			sourceTree = "<group>";
		};
		37EEF8D31D9C8D5B00AC52B6 /* Schemas */ = {
			isa = PBXGroup;
			children = (
				37EEF8D41D9C8D8200AC52B6 /* String.json */,
				37EEF8D71D9C96C300AC52B6 /* Number.json */,
			);
			path = Schemas;
			sourceTree = "<group>";
		};
/* End PBXGroup section */

/* Begin PBXNativeTarget section */
		37EEF8AD1D9C8BF700AC52B6 /* App */ = {
			isa = PBXNativeTarget;
			buildConfigurationList = 37EEF8C51D9C8BF700AC52B6 /* Build configuration list for PBXNativeTarget "App" */;
			buildPhases = (
				37EEF8AA1D9C8BF700AC52B6 /* Sources */,
				37EEF8AB1D9C8BF700AC52B6 /* Frameworks */,
				37EEF8AC1D9C8BF700AC52B6 /* Resources */,
				37EEF8D21D9C8C0800AC52B6 /* Embed Frameworks */,
			);
			buildRules = (
			);
			dependencies = (
				37EEF8D11D9C8C0800AC52B6 /* PBXTargetDependency */,
			);
			name = App;
			productName = App;
			productReference = 37EEF8AE1D9C8BF700AC52B6 /* App.app */;
			productType = "com.apple.product-type.application";
		};
/* End PBXNativeTarget section */

/* Begin PBXProject section */
		37EEF8A61D9C8BF700AC52B6 /* Project object */ = {
			isa = PBXProject;
			attributes = {
				LastUpgradeCheck = 0800;
				ORGANIZATIONNAME = "Dan Kalinin";
				TargetAttributes = {
					37EEF8AD1D9C8BF700AC52B6 = {
						CreatedOnToolsVersion = 8.0;
						ProvisioningStyle = Automatic;
					};
				};
			};
			buildConfigurationList = 37EEF8A91D9C8BF700AC52B6 /* Build configuration list for PBXProject "App" */;
			compatibilityVersion = "Xcode 3.2";
			developmentRegion = English;
			hasScannedForEncodings = 0;
			knownRegions = (
				en,
				Base,
			);
			mainGroup = 37EEF8A51D9C8BF700AC52B6;
			productRefGroup = 37EEF8AF1D9C8BF700AC52B6 /* Products */;
			projectDirPath = "";
			projectReferences = (
				{
					ProductGroup = 37EEF8C91D9C8C0100AC52B6 /* Products */;
					ProjectRef = 37EEF8C81D9C8C0100AC52B6 /* Framework.xcodeproj */;
				},
			);
			projectRoot = "";
			targets = (
				37EEF8AD1D9C8BF700AC52B6 /* App */,
			);
		};
/* End PBXProject section */

/* Begin PBXReferenceProxy section */
		37EEF8CD1D9C8C0100AC52B6 /* JSONSchema.framework */ = {
			isa = PBXReferenceProxy;
			fileType = wrapper.framework;
			path = JSONSchema.framework;
			remoteRef = 37EEF8CC1D9C8C0100AC52B6 /* PBXContainerItemProxy */;
			sourceTree = BUILT_PRODUCTS_DIR;
		};
		37EEF9381D9EF36300AC52B6 /* JSONSchemaTests.xctest */ = {
			isa = PBXReferenceProxy;
			fileType = wrapper.cfbundle;
			path = JSONSchemaTests.xctest;
			remoteRef = 37EEF9371D9EF36300AC52B6 /* PBXContainerItemProxy */;
			sourceTree = BUILT_PRODUCTS_DIR;
		};
/* End PBXReferenceProxy section */

/* Begin PBXResourcesBuildPhase section */
		37EEF8AC1D9C8BF700AC52B6 /* Resources */ = {
			isa = PBXResourcesBuildPhase;
			buildActionMask = 2147483647;
			files = (
				37EEF8C11D9C8BF700AC52B6 /* LaunchScreen.storyboard in Resources */,
				37EEF8BE1D9C8BF700AC52B6 /* Assets.xcassets in Resources */,
				37EEF8D51D9C8D8200AC52B6 /* String.json in Resources */,
				37EEF8BC1D9C8BF700AC52B6 /* Main.storyboard in Resources */,
				37EEF8D81D9C96C300AC52B6 /* Number.json in Resources */,
			);
			runOnlyForDeploymentPostprocessing = 0;
		};
/* End PBXResourcesBuildPhase section */

/* Begin PBXSourcesBuildPhase section */
		37EEF8AA1D9C8BF700AC52B6 /* Sources */ = {
			isa = PBXSourcesBuildPhase;
			buildActionMask = 2147483647;
			files = (
				37EEF8B91D9C8BF700AC52B6 /* ViewController.m in Sources */,
				37EEF8B61D9C8BF700AC52B6 /* AppDelegate.m in Sources */,
				37EEF8B31D9C8BF700AC52B6 /* main.m in Sources */,
			);
			runOnlyForDeploymentPostprocessing = 0;
		};
/* End PBXSourcesBuildPhase section */

/* Begin PBXTargetDependency section */
		37EEF8D11D9C8C0800AC52B6 /* PBXTargetDependency */ = {
			isa = PBXTargetDependency;
			name = JSONSchema;
			targetProxy = 37EEF8D01D9C8C0800AC52B6 /* PBXContainerItemProxy */;
		};
/* End PBXTargetDependency section */

/* Begin PBXVariantGroup section */
		37EEF8BA1D9C8BF700AC52B6 /* Main.storyboard */ = {
			isa = PBXVariantGroup;
			children = (
				37EEF8BB1D9C8BF700AC52B6 /* Base */,
			);
			name = Main.storyboard;
			sourceTree = "<group>";
		};
		37EEF8BF1D9C8BF700AC52B6 /* LaunchScreen.storyboard */ = {
			isa = PBXVariantGroup;
			children = (
				37EEF8C01D9C8BF700AC52B6 /* Base */,
			);
			name = LaunchScreen.storyboard;
			sourceTree = "<group>";
		};
/* End PBXVariantGroup section */

/* Begin XCBuildConfiguration section */
		37EEF8C31D9C8BF700AC52B6 /* Debug */ = {
			isa = XCBuildConfiguration;
			buildSettings = {
				ALWAYS_SEARCH_USER_PATHS = NO;
				CLANG_ANALYZER_NONNULL = YES;
				CLANG_CXX_LANGUAGE_STANDARD = "gnu++0x";
				CLANG_CXX_LIBRARY = "libc++";
				CLANG_ENABLE_MODULES = YES;
				CLANG_ENABLE_OBJC_ARC = YES;
				CLANG_WARN_BOOL_CONVERSION = YES;
				CLANG_WARN_CONSTANT_CONVERSION = YES;
				CLANG_WARN_DIRECT_OBJC_ISA_USAGE = YES_ERROR;
				CLANG_WARN_DOCUMENTATION_COMMENTS = YES;
				CLANG_WARN_EMPTY_BODY = YES;
				CLANG_WARN_ENUM_CONVERSION = YES;
				CLANG_WARN_INFINITE_RECURSION = YES;
				CLANG_WARN_INT_CONVERSION = YES;
				CLANG_WARN_OBJC_ROOT_CLASS = YES_ERROR;
				CLANG_WARN_SUSPICIOUS_MOVES = YES;
				CLANG_WARN_UNREACHABLE_CODE = YES;
				CLANG_WARN__DUPLICATE_METHOD_MATCH = YES;
				"CODE_SIGN_IDENTITY[sdk=iphoneos*]" = "iPhone Developer";
				COPY_PHASE_STRIP = NO;
				DEBUG_INFORMATION_FORMAT = dwarf;
				ENABLE_STRICT_OBJC_MSGSEND = YES;
				ENABLE_TESTABILITY = YES;
				GCC_C_LANGUAGE_STANDARD = gnu99;
				GCC_DYNAMIC_NO_PIC = NO;
				GCC_NO_COMMON_BLOCKS = YES;
				GCC_OPTIMIZATION_LEVEL = 0;
				GCC_PREPROCESSOR_DEFINITIONS = (
					"DEBUG=1",
					"$(inherited)",
				);
				GCC_WARN_64_TO_32_BIT_CONVERSION = YES;
				GCC_WARN_ABOUT_RETURN_TYPE = YES_ERROR;
				GCC_WARN_UNDECLARED_SELECTOR = YES;
				GCC_WARN_UNINITIALIZED_AUTOS = YES_AGGRESSIVE;
				GCC_WARN_UNUSED_FUNCTION = YES;
				GCC_WARN_UNUSED_VARIABLE = YES;
				IPHONEOS_DEPLOYMENT_TARGET = 10.0;
				MTL_ENABLE_DEBUG_INFO = YES;
				ONLY_ACTIVE_ARCH = YES;
				SDKROOT = iphoneos;
				TARGETED_DEVICE_FAMILY = "1,2";
			};
			name = Debug;
		};
		37EEF8C41D9C8BF700AC52B6 /* Release */ = {
			isa = XCBuildConfiguration;
			buildSettings = {
				ALWAYS_SEARCH_USER_PATHS = NO;
				CLANG_ANALYZER_NONNULL = YES;
				CLANG_CXX_LANGUAGE_STANDARD = "gnu++0x";
				CLANG_CXX_LIBRARY = "libc++";
				CLANG_ENABLE_MODULES = YES;
				CLANG_ENABLE_OBJC_ARC = YES;
				CLANG_WARN_BOOL_CONVERSION = YES;
				CLANG_WARN_CONSTANT_CONVERSION = YES;
				CLANG_WARN_DIRECT_OBJC_ISA_USAGE = YES_ERROR;
				CLANG_WARN_DOCUMENTATION_COMMENTS = YES;
				CLANG_WARN_EMPTY_BODY = YES;
				CLANG_WARN_ENUM_CONVERSION = YES;
				CLANG_WARN_INFINITE_RECURSION = YES;
				CLANG_WARN_INT_CONVERSION = YES;
				CLANG_WARN_OBJC_ROOT_CLASS = YES_ERROR;
				CLANG_WARN_SUSPICIOUS_MOVES = YES;
				CLANG_WARN_UNREACHABLE_CODE = YES;
				CLANG_WARN__DUPLICATE_METHOD_MATCH = YES;
				"CODE_SIGN_IDENTITY[sdk=iphoneos*]" = "iPhone Developer";
				COPY_PHASE_STRIP = NO;
				DEBUG_INFORMATION_FORMAT = "dwarf-with-dsym";
				ENABLE_NS_ASSERTIONS = NO;
				ENABLE_STRICT_OBJC_MSGSEND = YES;
				GCC_C_LANGUAGE_STANDARD = gnu99;
				GCC_NO_COMMON_BLOCKS = YES;
				GCC_WARN_64_TO_32_BIT_CONVERSION = YES;
				GCC_WARN_ABOUT_RETURN_TYPE = YES_ERROR;
				GCC_WARN_UNDECLARED_SELECTOR = YES;
				GCC_WARN_UNINITIALIZED_AUTOS = YES_AGGRESSIVE;
				GCC_WARN_UNUSED_FUNCTION = YES;
				GCC_WARN_UNUSED_VARIABLE = YES;
				IPHONEOS_DEPLOYMENT_TARGET = 10.0;
				MTL_ENABLE_DEBUG_INFO = NO;
				SDKROOT = iphoneos;
				TARGETED_DEVICE_FAMILY = "1,2";
				VALIDATE_PRODUCT = YES;
			};
			name = Release;
		};
		37EEF8C61D9C8BF700AC52B6 /* Debug */ = {
			isa = XCBuildConfiguration;
			buildSettings = {
				ASSETCATALOG_COMPILER_APPICON_NAME = AppIcon;
				INFOPLIST_FILE = App/Info.plist;
				LD_RUNPATH_SEARCH_PATHS = "$(inherited) @executable_path/Frameworks";
				PRODUCT_BUNDLE_IDENTIFIER = com.dk.JSONSchemaApp;
				PRODUCT_NAME = "$(TARGET_NAME)";
			};
			name = Debug;
		};
		37EEF8C71D9C8BF700AC52B6 /* Release */ = {
			isa = XCBuildConfiguration;
			buildSettings = {
				ASSETCATALOG_COMPILER_APPICON_NAME = AppIcon;
				INFOPLIST_FILE = App/Info.plist;
				LD_RUNPATH_SEARCH_PATHS = "$(inherited) @executable_path/Frameworks";
				PRODUCT_BUNDLE_IDENTIFIER = com.dk.JSONSchemaApp;
				PRODUCT_NAME = "$(TARGET_NAME)";
			};
			name = Release;
		};
/* End XCBuildConfiguration section */

/* Begin XCConfigurationList section */
		37EEF8A91D9C8BF700AC52B6 /* Build configuration list for PBXProject "App" */ = {
			isa = XCConfigurationList;
			buildConfigurations = (
				37EEF8C31D9C8BF700AC52B6 /* Debug */,
				37EEF8C41D9C8BF700AC52B6 /* Release */,
			);
			defaultConfigurationIsVisible = 0;
			defaultConfigurationName = Release;
		};
		37EEF8C51D9C8BF700AC52B6 /* Build configuration list for PBXNativeTarget "App" */ = {
			isa = XCConfigurationList;
			buildConfigurations = (
				37EEF8C61D9C8BF700AC52B6 /* Debug */,
				37EEF8C71D9C8BF700AC52B6 /* Release */,
			);
			defaultConfigurationIsVisible = 0;
			defaultConfigurationName = Release;
		};
/* End XCConfigurationList section */
	};
	rootObject = 37EEF8A61D9C8BF700AC52B6 /* Project object */;
}
